
Microsoft Visual Studio Solution File, Format Version 12.00
# Visual Studio Version 17
VisualStudioVersion = 17.10.34916.146
MinimumVisualStudioVersion = 10.0.40219.1
Project("{2150E333-8FDC-42A3-9474-1A3956D46DE8}") = "Documentation", "Documentation", "{126AB720-9D8E-4C24-AD6F-48196D32F8AE}"
EndProject
Project("{9A19103F-16F7-4668-BE54-9A1E7A4F7556}") = "Docs", "Documentation\Docs\Docs.csproj", "{D809EAFE-5643-49EA-94C3-D4CB4285AB63}"
EndProject
Project("{2150E333-8FDC-42A3-9474-1A3956D46DE8}") = "src", "src", "{3CE7B297-C779-454D-B178-84985CA22D1E}"
EndProject
Project("{2150E333-8FDC-42A3-9474-1A3956D46DE8}") = "Core", "Core", "{050AA275-A80C-4005-95CC-BFE78A493EDF}"
EndProject
Project("{2150E333-8FDC-42A3-9474-1A3956D46DE8}") = "Tools", "Tools", "{59F65EBB-3132-47C9-8885-BA8514D2A473}"
EndProject
Project("{9A19103F-16F7-4668-BE54-9A1E7A4F7556}") = "ViaEventAssociation.Core.Tools.OperationResult", "src\Core\Tools\ViaEventAssociation.Core.Tools.OperationResult\ViaEventAssociation.Core.Tools.OperationResult.csproj", "{1E85F63C-9D47-4837-A9E2-C814810655C8}"
EndProject
Project("{2150E333-8FDC-42A3-9474-1A3956D46DE8}") = "Tests", "Tests", "{C3D1EB23-BCE7-494D-B98C-11EF34E54E24}"
EndProject
Project("{9A19103F-16F7-4668-BE54-9A1E7A4F7556}") = "UnitTests", "Tests\UnitTests\UnitTests.csproj", "{DE66EBCF-BF35-4C8D-AD48-F1ED0DA4FCFA}"
EndProject
Project("{9A19103F-16F7-4668-BE54-9A1E7A4F7556}") = "Functional Tests", "Tests\Functional Tests\Functional Tests.csproj", "{199892BE-4FEA-4C4D-8440-D76DC5648F9F}"
EndProject
Project("{9A19103F-16F7-4668-BE54-9A1E7A4F7556}") = "Via.EventAssociation.Core.Domain", "src\Core\Via.EventAssociation.Core.Domain\Via.EventAssociation.Core.Domain.csproj", "{5B8A7CFD-8321-4F4B-A53B-1FD3C7972C29}"
EndProject
Project("{9A19103F-16F7-4668-BE54-9A1E7A4F7556}") = "ViaEventAssociation.Core.Application", "src\Core\ViaEventAssociation.Core.Application\ViaEventAssociation.Core.Application.csproj", "{B83C7A4C-645F-4FB4-9237-038B31F2E6D1}"
EndProject
Project("{9A19103F-16F7-4668-BE54-9A1E7A4F7556}") = "ViaEventAssociation.Core.AppEntry", "src\Core\ViaEventAssociation.Core.AppEntry\ViaEventAssociation.Core.AppEntry.csproj", "{02273229-E544-48AD-977E-8A388939798C}"
EndProject
Project("{2150E333-8FDC-42A3-9474-1A3956D46DE8}") = "Infrastructure", "Infrastructure", "{BF45EA4E-F6C3-4472-A6BB-599839BAC673}"
EndProject
Project("{9A19103F-16F7-4668-BE54-9A1E7A4F7556}") = "EfcDmPersistence", "src\Infrastructure\EfcDmPersistence\EfcDmPersistence.csproj", "{AFA674CF-A6D4-48C1-8C0E-2FBEC48E3FDD}"
EndProject
Project("{9A19103F-16F7-4668-BE54-9A1E7A4F7556}") = "Integration Tests", "Tests\Integration Tests\Integration Tests.csproj", "{6A389717-BB42-4FB7-8F90-5C76338EEBC7}"
EndProject
Project("{9A19103F-16F7-4668-BE54-9A1E7A4F7556}") = "ViaEventAssociation.Infrastructure.EfcQueries", "src\Infrastructure\ViaEventAssociation.Infrastructure.EfcQueries\ViaEventAssociation.Infrastructure.EfcQueries.csproj", "{1436B60D-B372-48C6-9CAC-EF36F3090B05}"
EndProject
Project("{9A19103F-16F7-4668-BE54-9A1E7A4F7556}") = "ViaEventAssociation.Core.QueryContracts", "src\Core\ViaEventAssociation.Core.QueryContracts\ViaEventAssociation.Core.QueryContracts.csproj", "{B299A403-5203-42E1-B652-CA91201E17B9}"
EndProject
Project("{2150E333-8FDC-42A3-9474-1A3956D46DE8}") = "Presentation", "Presentation", "{7786AFB0-415D-4A03-A0D0-07A5D52C10E2}"
EndProject
Project("{9A19103F-16F7-4668-BE54-9A1E7A4F7556}") = "ViaEventAssociation.Presentation.WebAPI", "src\Presentation\ViaEventAssociation.Presentation.WebAPI\ViaEventAssociation.Presentation.WebAPI.csproj", "{70DD6245-8367-4B43-986E-F54E0853ED9A}"
EndProject
Project("{FAE04EC0-301F-11D3-BF4B-00C04F79EFBC}") = "ViaEventAssociation.Core.Tools.ObjectMapper", "ViaEventAssociation.Core.Tools.ObjectMapper\ViaEventAssociation.Core.Tools.ObjectMapper.csproj", "{32559AB3-3BBE-4226-BF31-C4C509D95AD7}"
EndProject
Global
	GlobalSection(SolutionConfigurationPlatforms) = preSolution
		Debug|Any CPU = Debug|Any CPU
		Release|Any CPU = Release|Any CPU
	EndGlobalSection
	GlobalSection(ProjectConfigurationPlatforms) = postSolution
		{D809EAFE-5643-49EA-94C3-D4CB4285AB63}.Debug|Any CPU.ActiveCfg = Debug|Any CPU
		{D809EAFE-5643-49EA-94C3-D4CB4285AB63}.Debug|Any CPU.Build.0 = Debug|Any CPU
		{D809EAFE-5643-49EA-94C3-D4CB4285AB63}.Release|Any CPU.ActiveCfg = Release|Any CPU
		{D809EAFE-5643-49EA-94C3-D4CB4285AB63}.Release|Any CPU.Build.0 = Release|Any CPU
		{1E85F63C-9D47-4837-A9E2-C814810655C8}.Debug|Any CPU.ActiveCfg = Debug|Any CPU
		{1E85F63C-9D47-4837-A9E2-C814810655C8}.Debug|Any CPU.Build.0 = Debug|Any CPU
		{1E85F63C-9D47-4837-A9E2-C814810655C8}.Release|Any CPU.ActiveCfg = Release|Any CPU
		{1E85F63C-9D47-4837-A9E2-C814810655C8}.Release|Any CPU.Build.0 = Release|Any CPU
		{DE66EBCF-BF35-4C8D-AD48-F1ED0DA4FCFA}.Debug|Any CPU.ActiveCfg = Debug|Any CPU
		{DE66EBCF-BF35-4C8D-AD48-F1ED0DA4FCFA}.Debug|Any CPU.Build.0 = Debug|Any CPU
		{DE66EBCF-BF35-4C8D-AD48-F1ED0DA4FCFA}.Release|Any CPU.ActiveCfg = Release|Any CPU
		{DE66EBCF-BF35-4C8D-AD48-F1ED0DA4FCFA}.Release|Any CPU.Build.0 = Release|Any CPU
		{199892BE-4FEA-4C4D-8440-D76DC5648F9F}.Debug|Any CPU.ActiveCfg = Debug|Any CPU
		{199892BE-4FEA-4C4D-8440-D76DC5648F9F}.Debug|Any CPU.Build.0 = Debug|Any CPU
		{199892BE-4FEA-4C4D-8440-D76DC5648F9F}.Release|Any CPU.ActiveCfg = Release|Any CPU
		{199892BE-4FEA-4C4D-8440-D76DC5648F9F}.Release|Any CPU.Build.0 = Release|Any CPU
		{5B8A7CFD-8321-4F4B-A53B-1FD3C7972C29}.Debug|Any CPU.ActiveCfg = Debug|Any CPU
		{5B8A7CFD-8321-4F4B-A53B-1FD3C7972C29}.Debug|Any CPU.Build.0 = Debug|Any CPU
		{5B8A7CFD-8321-4F4B-A53B-1FD3C7972C29}.Release|Any CPU.ActiveCfg = Release|Any CPU
		{5B8A7CFD-8321-4F4B-A53B-1FD3C7972C29}.Release|Any CPU.Build.0 = Release|Any CPU
		{B83C7A4C-645F-4FB4-9237-038B31F2E6D1}.Debug|Any CPU.ActiveCfg = Debug|Any CPU
		{B83C7A4C-645F-4FB4-9237-038B31F2E6D1}.Debug|Any CPU.Build.0 = Debug|Any CPU
		{B83C7A4C-645F-4FB4-9237-038B31F2E6D1}.Release|Any CPU.ActiveCfg = Release|Any CPU
		{B83C7A4C-645F-4FB4-9237-038B31F2E6D1}.Release|Any CPU.Build.0 = Release|Any CPU
		{02273229-E544-48AD-977E-8A388939798C}.Debug|Any CPU.ActiveCfg = Debug|Any CPU
		{02273229-E544-48AD-977E-8A388939798C}.Debug|Any CPU.Build.0 = Debug|Any CPU
		{02273229-E544-48AD-977E-8A388939798C}.Release|Any CPU.ActiveCfg = Release|Any CPU
		{02273229-E544-48AD-977E-8A388939798C}.Release|Any CPU.Build.0 = Release|Any CPU
		{AFA674CF-A6D4-48C1-8C0E-2FBEC48E3FDD}.Debug|Any CPU.ActiveCfg = Debug|Any CPU
		{AFA674CF-A6D4-48C1-8C0E-2FBEC48E3FDD}.Debug|Any CPU.Build.0 = Debug|Any CPU
		{AFA674CF-A6D4-48C1-8C0E-2FBEC48E3FDD}.Release|Any CPU.ActiveCfg = Release|Any CPU
		{AFA674CF-A6D4-48C1-8C0E-2FBEC48E3FDD}.Release|Any CPU.Build.0 = Release|Any CPU
		{6A389717-BB42-4FB7-8F90-5C76338EEBC7}.Debug|Any CPU.ActiveCfg = Debug|Any CPU
		{6A389717-BB42-4FB7-8F90-5C76338EEBC7}.Debug|Any CPU.Build.0 = Debug|Any CPU
		{6A389717-BB42-4FB7-8F90-5C76338EEBC7}.Release|Any CPU.ActiveCfg = Release|Any CPU
		{6A389717-BB42-4FB7-8F90-5C76338EEBC7}.Release|Any CPU.Build.0 = Release|Any CPU
		{1436B60D-B372-48C6-9CAC-EF36F3090B05}.Debug|Any CPU.ActiveCfg = Debug|Any CPU
		{1436B60D-B372-48C6-9CAC-EF36F3090B05}.Debug|Any CPU.Build.0 = Debug|Any CPU
		{1436B60D-B372-48C6-9CAC-EF36F3090B05}.Release|Any CPU.ActiveCfg = Release|Any CPU
		{1436B60D-B372-48C6-9CAC-EF36F3090B05}.Release|Any CPU.Build.0 = Release|Any CPU
		{B299A403-5203-42E1-B652-CA91201E17B9}.Debug|Any CPU.ActiveCfg = Debug|Any CPU
		{B299A403-5203-42E1-B652-CA91201E17B9}.Debug|Any CPU.Build.0 = Debug|Any CPU
		{B299A403-5203-42E1-B652-CA91201E17B9}.Release|Any CPU.ActiveCfg = Release|Any CPU
		{B299A403-5203-42E1-B652-CA91201E17B9}.Release|Any CPU.Build.0 = Release|Any CPU
		{70DD6245-8367-4B43-986E-F54E0853ED9A}.Debug|Any CPU.ActiveCfg = Debug|Any CPU
		{70DD6245-8367-4B43-986E-F54E0853ED9A}.Debug|Any CPU.Build.0 = Debug|Any CPU
		{70DD6245-8367-4B43-986E-F54E0853ED9A}.Release|Any CPU.ActiveCfg = Release|Any CPU
		{70DD6245-8367-4B43-986E-F54E0853ED9A}.Release|Any CPU.Build.0 = Release|Any CPU
		{32559AB3-3BBE-4226-BF31-C4C509D95AD7}.Debug|Any CPU.ActiveCfg = Debug|Any CPU
		{32559AB3-3BBE-4226-BF31-C4C509D95AD7}.Debug|Any CPU.Build.0 = Debug|Any CPU
		{32559AB3-3BBE-4226-BF31-C4C509D95AD7}.Release|Any CPU.ActiveCfg = Release|Any CPU
		{32559AB3-3BBE-4226-BF31-C4C509D95AD7}.Release|Any CPU.Build.0 = Release|Any CPU
	EndGlobalSection
	GlobalSection(SolutionProperties) = preSolution
		HideSolutionNode = FALSE
	EndGlobalSection
	GlobalSection(NestedProjects) = preSolution
		{D809EAFE-5643-49EA-94C3-D4CB4285AB63} = {126AB720-9D8E-4C24-AD6F-48196D32F8AE}
		{050AA275-A80C-4005-95CC-BFE78A493EDF} = {3CE7B297-C779-454D-B178-84985CA22D1E}
		{59F65EBB-3132-47C9-8885-BA8514D2A473} = {050AA275-A80C-4005-95CC-BFE78A493EDF}
		{1E85F63C-9D47-4837-A9E2-C814810655C8} = {59F65EBB-3132-47C9-8885-BA8514D2A473}
		{DE66EBCF-BF35-4C8D-AD48-F1ED0DA4FCFA} = {C3D1EB23-BCE7-494D-B98C-11EF34E54E24}
		{199892BE-4FEA-4C4D-8440-D76DC5648F9F} = {C3D1EB23-BCE7-494D-B98C-11EF34E54E24}
		{5B8A7CFD-8321-4F4B-A53B-1FD3C7972C29} = {050AA275-A80C-4005-95CC-BFE78A493EDF}
		{B83C7A4C-645F-4FB4-9237-038B31F2E6D1} = {050AA275-A80C-4005-95CC-BFE78A493EDF}
		{02273229-E544-48AD-977E-8A388939798C} = {050AA275-A80C-4005-95CC-BFE78A493EDF}
		{BF45EA4E-F6C3-4472-A6BB-599839BAC673} = {3CE7B297-C779-454D-B178-84985CA22D1E}
		{AFA674CF-A6D4-48C1-8C0E-2FBEC48E3FDD} = {BF45EA4E-F6C3-4472-A6BB-599839BAC673}
		{6A389717-BB42-4FB7-8F90-5C76338EEBC7} = {C3D1EB23-BCE7-494D-B98C-11EF34E54E24}
		{1436B60D-B372-48C6-9CAC-EF36F3090B05} = {BF45EA4E-F6C3-4472-A6BB-599839BAC673}
		{B299A403-5203-42E1-B652-CA91201E17B9} = {050AA275-A80C-4005-95CC-BFE78A493EDF}
		{7786AFB0-415D-4A03-A0D0-07A5D52C10E2} = {3CE7B297-C779-454D-B178-84985CA22D1E}
		{70DD6245-8367-4B43-986E-F54E0853ED9A} = {7786AFB0-415D-4A03-A0D0-07A5D52C10E2}
		{32559AB3-3BBE-4226-BF31-C4C509D95AD7} = {59F65EBB-3132-47C9-8885-BA8514D2A473}
	EndGlobalSection
	GlobalSection(ExtensibilityGlobals) = postSolution
		SolutionGuid = {D942EDFF-4612-4F62-B470-DFB0170E5C8B}
	EndGlobalSection
EndGlobal
